// !$*UTF8*$!
{
	archiveVersion = 1;
	classes = {
	};
	objectVersion = 46;
	objects = {

/* Begin PBXBuildFile section */
		EA8D076F1AD9D432006C6D7E /* AppDelegate.swift in Sources */ = {isa = PBXBuildFile; fileRef = EA8D076E1AD9D432006C6D7E /* AppDelegate.swift */; };
		EA8D07711AD9D432006C6D7E /* PaintViewController.swift in Sources */ = {isa = PBXBuildFile; fileRef = EA8D07701AD9D432006C6D7E /* PaintViewController.swift */; };
		EA8D07761AD9D432006C6D7E /* Images.xcassets in Resources */ = {isa = PBXBuildFile; fileRef = EA8D07751AD9D432006C6D7E /* Images.xcassets */; };
		EA8D07791AD9D432006C6D7E /* LaunchScreen.xib in Resources */ = {isa = PBXBuildFile; fileRef = EA8D07771AD9D432006C6D7E /* LaunchScreen.xib */; };
		EA8D07851AD9D433006C6D7E /* swagiosTests.swift in Sources */ = {isa = PBXBuildFile; fileRef = EA8D07841AD9D433006C6D7E /* swagiosTests.swift */; };
		EA8D078F1AD9D47D006C6D7E /* PaintView.swift in Sources */ = {isa = PBXBuildFile; fileRef = EA8D078E1AD9D47D006C6D7E /* PaintView.swift */; };
/* End PBXBuildFile section */

/* Begin PBXContainerItemProxy section */
		EA8D077F1AD9D433006C6D7E /* PBXContainerItemProxy */ = {
			isa = PBXContainerItemProxy;
			containerPortal = EA8D07611AD9D432006C6D7E /* Project object */;
			proxyType = 1;
			remoteGlobalIDString = EA8D07681AD9D432006C6D7E;
			remoteInfo = PaintingTest;
		};
/* End PBXContainerItemProxy section */

/* Begin PBXFileReference section */
		EA8D07691AD9D432006C6D7E /* swagios.app */ = {isa = PBXFileReference; explicitFileType = wrapper.application; includeInIndex = 0; path = swagios.app; sourceTree = BUILT_PRODUCTS_DIR; };
		EA8D076D1AD9D432006C6D7E /* Info.plist */ = {isa = PBXFileReference; lastKnownFileType = text.plist.xml; path = Info.plist; sourceTree = "<group>"; };
		EA8D076E1AD9D432006C6D7E /* AppDelegate.swift */ = {isa = PBXFileReference; lastKnownFileType = sourcecode.swift; path = AppDelegate.swift; sourceTree = "<group>"; };
		EA8D07701AD9D432006C6D7E /* PaintViewController.swift */ = {isa = PBXFileReference; lastKnownFileType = sourcecode.swift; path = PaintViewController.swift; sourceTree = "<group>"; };
		EA8D07751AD9D432006C6D7E /* Images.xcassets */ = {isa = PBXFileReference; lastKnownFileType = folder.assetcatalog; path = Images.xcassets; sourceTree = "<group>"; };
		EA8D07781AD9D432006C6D7E /* Base */ = {isa = PBXFileReference; lastKnownFileType = file.xib; name = Base; path = Base.lproj/LaunchScreen.xib; sourceTree = "<group>"; };
		EA8D077E1AD9D433006C6D7E /* swagios.xctest */ = {isa = PBXFileReference; explicitFileType = wrapper.cfbundle; includeInIndex = 0; path = swagios.xctest; sourceTree = BUILT_PRODUCTS_DIR; };
		EA8D07831AD9D433006C6D7E /* Info.plist */ = {isa = PBXFileReference; lastKnownFileType = text.plist.xml; path = Info.plist; sourceTree = "<group>"; };
		EA8D07841AD9D433006C6D7E /* swagiosTests.swift */ = {isa = PBXFileReference; lastKnownFileType = sourcecode.swift; path = swagiosTests.swift; sourceTree = "<group>"; };
		EA8D078E1AD9D47D006C6D7E /* PaintView.swift */ = {isa = PBXFileReference; fileEncoding = 4; lastKnownFileType = sourcecode.swift; path = PaintView.swift; sourceTree = "<group>"; };
/* End PBXFileReference section */

/* Begin PBXFrameworksBuildPhase section */
		EA8D07661AD9D432006C6D7E /* Frameworks */ = {
			isa = PBXFrameworksBuildPhase;
			buildActionMask = 2147483647;
			files = (
			);
			runOnlyForDeploymentPostprocessing = 0;
		};
		EA8D077B1AD9D433006C6D7E /* Frameworks */ = {
			isa = PBXFrameworksBuildPhase;
			buildActionMask = 2147483647;
			files = (
			);
			runOnlyForDeploymentPostprocessing = 0;
		};
/* End PBXFrameworksBuildPhase section */

/* Begin PBXGroup section */
		EA8D07601AD9D432006C6D7E = {
			isa = PBXGroup;
			children = (
				EA8D076B1AD9D432006C6D7E /* swagios */,
				EA8D07811AD9D433006C6D7E /* swagiosTests */,
				EA8D076A1AD9D432006C6D7E /* Products */,
			);
			sourceTree = "<group>";
		};
		EA8D076A1AD9D432006C6D7E /* Products */ = {
			isa = PBXGroup;
			children = (
				EA8D07691AD9D432006C6D7E /* swagios.app */,
				EA8D077E1AD9D433006C6D7E /* swagios.xctest */,
			);
			name = Products;
			sourceTree = "<group>";
		};
		EA8D076B1AD9D432006C6D7E /* swagios */ = {
			isa = PBXGroup;
			children = (
				EA8D076E1AD9D432006C6D7E /* AppDelegate.swift */,
				EA8D078E1AD9D47D006C6D7E /* PaintView.swift */,
				EA8D07701AD9D432006C6D7E /* PaintViewController.swift */,
				EA8D07751AD9D432006C6D7E /* Images.xcassets */,
				EA8D07771AD9D432006C6D7E /* LaunchScreen.xib */,
				EA8D076C1AD9D432006C6D7E /* Supporting Files */,
			);
			name = swagios;
			path = PaintingTest;
			sourceTree = "<group>";
		};
		EA8D076C1AD9D432006C6D7E /* Supporting Files */ = {
			isa = PBXGroup;
			children = (
				EA8D076D1AD9D432006C6D7E /* Info.plist */,
			);
			name = "Supporting Files";
			sourceTree = "<group>";
		};
		EA8D07811AD9D433006C6D7E /* swagiosTests */ = {
			isa = PBXGroup;
			children = (
				EA8D07841AD9D433006C6D7E /* swagiosTests.swift */,
				EA8D07821AD9D433006C6D7E /* Supporting Files */,
			);
			name = swagiosTests;
			path = PaintingTestTests;
			sourceTree = "<group>";
		};
		EA8D07821AD9D433006C6D7E /* Supporting Files */ = {
			isa = PBXGroup;
			children = (
				EA8D07831AD9D433006C6D7E /* Info.plist */,
			);
			name = "Supporting Files";
			sourceTree = "<group>";
		};
/* End PBXGroup section */

/* Begin PBXNativeTarget section */
		EA8D07681AD9D432006C6D7E /* swagios */ = {
			isa = PBXNativeTarget;
			buildConfigurationList = EA8D07881AD9D433006C6D7E /* Build configuration list for PBXNativeTarget "swagios" */;
			buildPhases = (
				EA8D07651AD9D432006C6D7E /* Sources */,
				EA8D07661AD9D432006C6D7E /* Frameworks */,
				EA8D07671AD9D432006C6D7E /* Resources */,
			);
			buildRules = (
			);
			dependencies = (
			);
			name = swagios;
			productName = PaintingTest;
			productReference = EA8D07691AD9D432006C6D7E /* swagios.app */;
			productType = "com.apple.product-type.application";
		};
		EA8D077D1AD9D433006C6D7E /* swagiosTests */ = {
			isa = PBXNativeTarget;
			buildConfigurationList = EA8D078B1AD9D433006C6D7E /* Build configuration list for PBXNativeTarget "swagiosTests" */;
			buildPhases = (
				EA8D077A1AD9D433006C6D7E /* Sources */,
				EA8D077B1AD9D433006C6D7E /* Frameworks */,
				EA8D077C1AD9D433006C6D7E /* Resources */,
			);
			buildRules = (
			);
			dependencies = (
				EA8D07801AD9D433006C6D7E /* PBXTargetDependency */,
			);
			name = swagiosTests;
			productName = PaintingTestTests;
			productReference = EA8D077E1AD9D433006C6D7E /* swagios.xctest */;
			productType = "com.apple.product-type.bundle.unit-test";
		};
/* End PBXNativeTarget section */

/* Begin PBXProject section */
		EA8D07611AD9D432006C6D7E /* Project object */ = {
			isa = PBXProject;
			attributes = {
				LastSwiftMigration = 0700;
				LastSwiftUpdateCheck = 0700;
				LastUpgradeCheck = 0700;
				ORGANIZATIONNAME = "Rodrigo Pélissier";
				TargetAttributes = {
					EA8D07681AD9D432006C6D7E = {
						CreatedOnToolsVersion = 6.3;
					};
					EA8D077D1AD9D433006C6D7E = {
						CreatedOnToolsVersion = 6.3;
						TestTargetID = EA8D07681AD9D432006C6D7E;
					};
				};
			};
			buildConfigurationList = EA8D07641AD9D432006C6D7E /* Build configuration list for PBXProject "swagios" */;
			compatibilityVersion = "Xcode 3.2";
			developmentRegion = English;
			hasScannedForEncodings = 0;
			knownRegions = (
				en,
				Base,
			);
			mainGroup = EA8D07601AD9D432006C6D7E;
			productRefGroup = EA8D076A1AD9D432006C6D7E /* Products */;
			projectDirPath = "";
			projectRoot = "";
			targets = (
				EA8D07681AD9D432006C6D7E /* swagios */,
				EA8D077D1AD9D433006C6D7E /* swagiosTests */,
			);
		};
/* End PBXProject section */

/* Begin PBXResourcesBuildPhase section */
		EA8D07671AD9D432006C6D7E /* Resources */ = {
			isa = PBXResourcesBuildPhase;
			buildActionMask = 2147483647;
			files = (
				EA8D07791AD9D432006C6D7E /* LaunchScreen.xib in Resources */,
				EA8D07761AD9D432006C6D7E /* Images.xcassets in Resources */,
			);
			runOnlyForDeploymentPostprocessing = 0;
		};
		EA8D077C1AD9D433006C6D7E /* Resources */ = {
			isa = PBXResourcesBuildPhase;
			buildActionMask = 2147483647;
			files = (
			);
			runOnlyForDeploymentPostprocessing = 0;
		};
/* End PBXResourcesBuildPhase section */

/* Begin PBXSourcesBuildPhase section */
		EA8D07651AD9D432006C6D7E /* Sources */ = {
			isa = PBXSourcesBuildPhase;
			buildActionMask = 2147483647;
			files = (
				EA8D07711AD9D432006C6D7E /* PaintViewController.swift in Sources */,
				EA8D076F1AD9D432006C6D7E /* AppDelegate.swift in Sources */,
				EA8D078F1AD9D47D006C6D7E /* PaintView.swift in Sources */,
			);
			runOnlyForDeploymentPostprocessing = 0;
		};
		EA8D077A1AD9D433006C6D7E /* Sources */ = {
			isa = PBXSourcesBuildPhase;
			buildActionMask = 2147483647;
			files = (
				EA8D07851AD9D433006C6D7E /* swagiosTests.swift in Sources */,
			);
			runOnlyForDeploymentPostprocessing = 0;
		};
/* End PBXSourcesBuildPhase section */

/* Begin PBXTargetDependency section */
		EA8D07801AD9D433006C6D7E /* PBXTargetDependency */ = {
			isa = PBXTargetDependency;
			target = EA8D07681AD9D432006C6D7E /* swagios */;
			targetProxy = EA8D077F1AD9D433006C6D7E /* PBXContainerItemProxy */;
		};
/* End PBXTargetDependency section */

/* Begin PBXVariantGroup section */
		EA8D07771AD9D432006C6D7E /* LaunchScreen.xib */ = {
			isa = PBXVariantGroup;
			children = (
				EA8D07781AD9D432006C6D7E /* Base */,
			);
			name = LaunchScreen.xib;
			sourceTree = "<group>";
		};
/* End PBXVariantGroup section */

/* Begin XCBuildConfiguration section */
		EA8D07861AD9D433006C6D7E /* Debug */ = {
			isa = XCBuildConfiguration;
			buildSettings = {
				ALWAYS_SEARCH_USER_PATHS = NO;
				CLANG_CXX_LANGUAGE_STANDARD = "gnu++0x";
				CLANG_CXX_LIBRARY = "libc++";
				CLANG_ENABLE_MODULES = YES;
				CLANG_ENABLE_OBJC_ARC = YES;
				CLANG_WARN_BOOL_CONVERSION = YES;
				CLANG_WARN_CONSTANT_CONVERSION = YES;
				CLANG_WARN_DIRECT_OBJC_ISA_USAGE = YES_ERROR;
				CLANG_WARN_EMPTY_BODY = YES;
				CLANG_WARN_ENUM_CONVERSION = YES;
				CLANG_WARN_INT_CONVERSION = YES;
				CLANG_WARN_OBJC_ROOT_CLASS = YES_ERROR;
				CLANG_WARN_UNREACHABLE_CODE = YES;
				CLANG_WARN__DUPLICATE_METHOD_MATCH = YES;
				"CODE_SIGN_IDENTITY[sdk=iphoneos*]" = "iPhone Developer";
				COPY_PHASE_STRIP = NO;
				DEBUG_INFORMATION_FORMAT = "dwarf-with-dsym";
				ENABLE_STRICT_OBJC_MSGSEND = YES;
				ENABLE_TESTABILITY = YES;
				GCC_C_LANGUAGE_STANDARD = gnu99;
				GCC_DYNAMIC_NO_PIC = NO;
				GCC_NO_COMMON_BLOCKS = YES;
				GCC_OPTIMIZATION_LEVEL = 0;
				GCC_PREPROCESSOR_DEFINITIONS = (
					"DEBUG=1",
					"$(inherited)",
				);
				GCC_SYMBOLS_PRIVATE_EXTERN = NO;
				GCC_WARN_64_TO_32_BIT_CONVERSION = YES;
				GCC_WARN_ABOUT_RETURN_TYPE = YES_ERROR;
				GCC_WARN_UNDECLARED_SELECTOR = YES;
				GCC_WARN_UNINITIALIZED_AUTOS = YES_AGGRESSIVE;
				GCC_WARN_UNUSED_FUNCTION = YES;
				GCC_WARN_UNUSED_VARIABLE = YES;
				IPHONEOS_DEPLOYMENT_TARGET = 8.3;
				MTL_ENABLE_DEBUG_INFO = YES;
				ONLY_ACTIVE_ARCH = YES;
				SDKROOT = iphoneos;
				SWIFT_OPTIMIZATION_LEVEL = "-Onone";
			};
			name = Debug;
		};
		EA8D07871AD9D433006C6D7E /* Release */ = {
			isa = XCBuildConfiguration;
			buildSettings = {
				ALWAYS_SEARCH_USER_PATHS = NO;
				CLANG_CXX_LANGUAGE_STANDARD = "gnu++0x";
				CLANG_CXX_LIBRARY = "libc++";
				CLANG_ENABLE_MODULES = YES;
				CLANG_ENABLE_OBJC_ARC = YES;
				CLANG_WARN_BOOL_CONVERSION = YES;
				CLANG_WARN_CONSTANT_CONVERSION = YES;
				CLANG_WARN_DIRECT_OBJC_ISA_USAGE = YES_ERROR;
				CLANG_WARN_EMPTY_BODY = YES;
				CLANG_WARN_ENUM_CONVERSION = YES;
				CLANG_WARN_INT_CONVERSION = YES;
				CLANG_WARN_OBJC_ROOT_CLASS = YES_ERROR;
				CLANG_WARN_UNREACHABLE_CODE = YES;
				CLANG_WARN__DUPLICATE_METHOD_MATCH = YES;
				"CODE_SIGN_IDENTITY[sdk=iphoneos*]" = "iPhone Developer";
				COPY_PHASE_STRIP = NO;
				DEBUG_INFORMATION_FORMAT = "dwarf-with-dsym";
				ENABLE_NS_ASSERTIONS = NO;
				ENABLE_STRICT_OBJC_MSGSEND = YES;
				GCC_C_LANGUAGE_STANDARD = gnu99;
				GCC_NO_COMMON_BLOCKS = YES;
				GCC_WARN_64_TO_32_BIT_CONVERSION = YES;
				GCC_WARN_ABOUT_RETURN_TYPE = YES_ERROR;
				GCC_WARN_UNDECLARED_SELECTOR = YES;
				GCC_WARN_UNINITIALIZED_AUTOS = YES_AGGRESSIVE;
				GCC_WARN_UNUSED_FUNCTION = YES;
				GCC_WARN_UNUSED_VARIABLE = YES;
				IPHONEOS_DEPLOYMENT_TARGET = 8.3;
				MTL_ENABLE_DEBUG_INFO = NO;
				SDKROOT = iphoneos;
				VALIDATE_PRODUCT = YES;
			};
			name = Release;
		};
		EA8D07891AD9D433006C6D7E /* Debug */ = {
			isa = XCBuildConfiguration;
			buildSettings = {
				ASSETCATALOG_COMPILER_APPICON_NAME = AppIcon;
				INFOPLIST_FILE = PaintingTest/Info.plist;
				IPHONEOS_DEPLOYMENT_TARGET = 9.0;
				LD_RUNPATH_SEARCH_PATHS = "$(inherited) @executable_path/Frameworks";
				LLVM_LTO = YES;
				PRODUCT_BUNDLE_IDENTIFIER = com.jesseliang.swagios;
				PRODUCT_NAME = swagios;
			};
			name = Debug;
		};
		EA8D078A1AD9D433006C6D7E /* Release */ = {
			isa = XCBuildConfiguration;
			buildSettings = {
				ASSETCATALOG_COMPILER_APPICON_NAME = AppIcon;
				GCC_OPTIMIZATION_LEVEL = fast;
				INFOPLIST_FILE = PaintingTest/Info.plist;
				IPHONEOS_DEPLOYMENT_TARGET = 9.0;
				LD_RUNPATH_SEARCH_PATHS = "$(inherited) @executable_path/Frameworks";
				LLVM_LTO = YES;
				PRODUCT_BUNDLE_IDENTIFIER = com.jesseliang.swagios;
				PRODUCT_NAME = swagios;
				SWIFT_DISABLE_SAFETY_CHECKS = YES;
				SWIFT_OPTIMIZATION_LEVEL = "-Owholemodule";
			};
			name = Release;
		};
		EA8D078C1AD9D433006C6D7E /* Debug */ = {
			isa = XCBuildConfiguration;
			buildSettings = {
				BUNDLE_LOADER = "$(TEST_HOST)";
				FRAMEWORK_SEARCH_PATHS = (
					"$(SDKROOT)/Developer/Library/Frameworks",
					"$(inherited)",
				);
				GCC_PREPROCESSOR_DEFINITIONS = (
					"DEBUG=1",
					"$(inherited)",
				);
				INFOPLIST_FILE = PaintingTestTests/Info.plist;
				LD_RUNPATH_SEARCH_PATHS = "$(inherited) @executable_path/Frameworks @loader_path/Frameworks";
				PRODUCT_BUNDLE_IDENTIFIER = "com.rodrigo.$(PRODUCT_NAME:rfc1034identifier)";
				PRODUCT_NAME = swagios;
				TEST_HOST = "$(BUILT_PRODUCTS_DIR)/swagios.app/swagios";
			};
			name = Debug;
		};
		EA8D078D1AD9D433006C6D7E /* Release */ = {
			isa = XCBuildConfiguration;
			buildSettings = {
				BUNDLE_LOADER = "$(TEST_HOST)";
				FRAMEWORK_SEARCH_PATHS = (
					"$(SDKROOT)/Developer/Library/Frameworks",
					"$(inherited)",
				);
				INFOPLIST_FILE = PaintingTestTests/Info.plist;
				LD_RUNPATH_SEARCH_PATHS = "$(inherited) @executable_path/Frameworks @loader_path/Frameworks";
				PRODUCT_BUNDLE_IDENTIFIER = "com.rodrigo.$(PRODUCT_NAME:rfc1034identifier)";
				PRODUCT_NAME = swagios;
				TEST_HOST = "$(BUILT_PRODUCTS_DIR)/swagios.app/swagios";
			};
			name = Release;
		};
/* End XCBuildConfiguration section */

/* Begin XCConfigurationList section */
		EA8D07641AD9D432006C6D7E /* Build configuration list for PBXProject "swagios" */ = {
			isa = XCConfigurationList;
			buildConfigurations = (
				EA8D07861AD9D433006C6D7E /* Debug */,
				EA8D07871AD9D433006C6D7E /* Release */,
			);
			defaultConfigurationIsVisible = 0;
			defaultConfigurationName = Release;
		};
		EA8D07881AD9D433006C6D7E /* Build configuration list for PBXNativeTarget "swagios" */ = {
			isa = XCConfigurationList;
			buildConfigurations = (
				EA8D07891AD9D433006C6D7E /* Debug */,
				EA8D078A1AD9D433006C6D7E /* Release */,
			);
			defaultConfigurationIsVisible = 0;
			defaultConfigurationName = Release;
		};
		EA8D078B1AD9D433006C6D7E /* Build configuration list for PBXNativeTarget "swagiosTests" */ = {
			isa = XCConfigurationList;
			buildConfigurations = (
				EA8D078C1AD9D433006C6D7E /* Debug */,
				EA8D078D1AD9D433006C6D7E /* Release */,
			);
			defaultConfigurationIsVisible = 0;
			defaultConfigurationName = Release;
		};
/* End XCConfigurationList section */
	};
	rootObject = EA8D07611AD9D432006C6D7E /* Project object */;
}
